
Microsoft Visual Studio Solution File, Format Version 12.00
# Visual Studio Version 16
VisualStudioVersion = 16.0.29424.173
MinimumVisualStudioVersion = 10.0.40219.1
Project("{FAE04EC0-301F-11D3-BF4B-00C04F79EFBC}") = "PLREP", "PLREP\PLREP.csproj", "{78F4D47B-0D2A-4E0D-93FB-1536BE26C9EC}"
EndProject
Global
	GlobalSection(SolutionConfigurationPlatforms) = preSolution
		Debug|Any CPU = Debug|Any CPU
		Release|Any CPU = Release|Any CPU
	EndGlobalSection
	GlobalSection(ProjectConfigurationPlatforms) = postSolution
		{78F4D47B-0D2A-4E0D-93FB-1536BE26C9EC}.Debug|Any CPU.ActiveCfg = Debug|Any CPU
		{78F4D47B-0D2A-4E0D-93FB-1536BE26C9EC}.Debug|Any CPU.Build.0 = Debug|Any CPU
		{78F4D47B-0D2A-4E0D-93FB-1536BE26C9EC}.Release|Any CPU.ActiveCfg = Release|Any CPU
		{78F4D47B-0D2A-4E0D-93FB-1536BE26C9EC}.Release|Any CPU.Build.0 = Release|Any CPU
	EndGlobalSection
	GlobalSection(SolutionProperties) = preSolution
		HideSolutionNode = FALSE
	EndGlobalSection
	GlobalSection(ExtensibilityGlobals) = postSolution
		SolutionGuid = {353E48B4-3526-4756-9BD4-40B672CDFD41}
	EndGlobalSection
EndGlobal
